
Microsoft Visual Studio Solution File, Format Version 12.00
# Visual Studio Version 17
VisualStudioVersion = 17.3.32929.385
MinimumVisualStudioVersion = 10.0.40219.1
Project("{FAE04EC0-301F-11D3-BF4B-00C04F79EFBC}") = "BooksAndAuthors", "BooksAndAuthors\BooksAndAuthors.csproj", "{FEFA94C7-8881-40B9-9920-6A5916092933}"
EndProject
Global
	GlobalSection(SolutionConfigurationPlatforms) = preSolution
		Debug|Any CPU = Debug|Any CPU
		Release|Any CPU = Release|Any CPU
	EndGlobalSection
	GlobalSection(ProjectConfigurationPlatforms) = postSolution
		{FEFA94C7-8881-40B9-9920-6A5916092933}.Debug|Any CPU.ActiveCfg = Debug|Any CPU
		{FEFA94C7-8881-40B9-9920-6A5916092933}.Debug|Any CPU.Build.0 = Debug|Any CPU
		{FEFA94C7-8881-40B9-9920-6A5916092933}.Release|Any CPU.ActiveCfg = Release|Any CPU
		{FEFA94C7-8881-40B9-9920-6A5916092933}.Release|Any CPU.Build.0 = Release|Any CPU
	EndGlobalSection
	GlobalSection(SolutionProperties) = preSolution
		HideSolutionNode = FALSE
	EndGlobalSection
	GlobalSection(ExtensibilityGlobals) = postSolution
		SolutionGuid = {28180D1F-C5BC-4BFE-988C-281339E77939}
	EndGlobalSection
EndGlobal
